# This file is automatically @generated by Cargo.
# It is not intended for manual editing.
[[package]]
name = "bytes"
version = "1.0.0"
source = "registry+https://github.com/rust-lang/crates.io-index"
checksum = "ad1f8e949d755f9d79112b5bb46938e0ef9d3804a0b16dfab13aafcaa5f0fa72"

[[package]]
name = "combine"
version = "4.5.1"
source = "registry+https://github.com/rust-lang/crates.io-index"
checksum = "01199925a18b00193570e3d70cfe57dcb647eb167c29851983e76fc39e2fee39"
dependencies = [
 "bytes",
 "memchr",
]

[[package]]
name = "memchr"
version = "2.3.4"
source = "registry+https://github.com/rust-lang/crates.io-index"
checksum = "0ee1c47aaa256ecabcaea351eae4a9b01ef39ed810004e298d2511ed284b1525"

[[package]]
name = "vmtranslator"
version = "0.1.0"
dependencies = [
 "combine",
]
